
Microsoft Visual Studio Solution File, Format Version 12.00
# Visual Studio Express 15 for Windows Desktop
VisualStudioVersion = 15.0.28307.1913
MinimumVisualStudioVersion = 10.0.40219.1
Project("{8BC9CEB8-8B4A-11D0-8D11-00A0C91BC942}") = "Project3", "Project3\Project3.vcxproj", "{B7B8AA67-C6C2-46D1-891B-507B3C93333C}"
EndProject
Global
	GlobalSection(SolutionConfigurationPlatforms) = preSolution
		Debug|x64 = Debug|x64
		Debug|x86 = Debug|x86
		Release|x64 = Release|x64
		Release|x86 = Release|x86
	EndGlobalSection
	GlobalSection(ProjectConfigurationPlatforms) = postSolution
		{B7B8AA67-C6C2-46D1-891B-507B3C93333C}.Debug|x64.ActiveCfg = Debug|x64
		{B7B8AA67-C6C2-46D1-891B-507B3C93333C}.Debug|x64.Build.0 = Debug|x64
		{B7B8AA67-C6C2-46D1-891B-507B3C93333C}.Debug|x86.ActiveCfg = Debug|Win32
		{B7B8AA67-C6C2-46D1-891B-507B3C93333C}.Debug|x86.Build.0 = Debug|Win32
		{B7B8AA67-C6C2-46D1-891B-507B3C93333C}.Release|x64.ActiveCfg = Release|x64
		{B7B8AA67-C6C2-46D1-891B-507B3C93333C}.Release|x64.Build.0 = Release|x64
		{B7B8AA67-C6C2-46D1-891B-507B3C93333C}.Release|x86.ActiveCfg = Release|Win32
		{B7B8AA67-C6C2-46D1-891B-507B3C93333C}.Release|x86.Build.0 = Release|Win32
	EndGlobalSection
	GlobalSection(SolutionProperties) = preSolution
		HideSolutionNode = FALSE
	EndGlobalSection
	GlobalSection(ExtensibilityGlobals) = postSolution
		SolutionGuid = {B6158196-AB8F-455C-94B8-93CD25A3DB5E}
	EndGlobalSection
EndGlobal
